
Microsoft Visual Studio Solution File, Format Version 12.00
# Visual Studio Version 16
VisualStudioVersion = 16.0.30621.155
MinimumVisualStudioVersion = 10.0.40219.1
Project("{FAE04EC0-301F-11D3-BF4B-00C04F79EFBC}") = "Thue_online", "Thue_online.csproj", "{68B9693A-89DC-4348-A24F-2F2CE4A79795}"
EndProject
Project("{FAE04EC0-301F-11D3-BF4B-00C04F79EFBC}") = "GameTest", "GameTest\GameTest.csproj", "{EFED40BE-A8E6-426F-937D-833DB4F82756}"
EndProject
Global
	GlobalSection(SolutionConfigurationPlatforms) = preSolution
		Debug|Any CPU = Debug|Any CPU
		Release|Any CPU = Release|Any CPU
	EndGlobalSection
	GlobalSection(ProjectConfigurationPlatforms) = postSolution
		{68B9693A-89DC-4348-A24F-2F2CE4A79795}.Debug|Any CPU.ActiveCfg = Debug|Any CPU
		{68B9693A-89DC-4348-A24F-2F2CE4A79795}.Debug|Any CPU.Build.0 = Debug|Any CPU
		{68B9693A-89DC-4348-A24F-2F2CE4A79795}.Release|Any CPU.ActiveCfg = Release|Any CPU
		{68B9693A-89DC-4348-A24F-2F2CE4A79795}.Release|Any CPU.Build.0 = Release|Any CPU
		{EFED40BE-A8E6-426F-937D-833DB4F82756}.Debug|Any CPU.ActiveCfg = Debug|Any CPU
		{EFED40BE-A8E6-426F-937D-833DB4F82756}.Debug|Any CPU.Build.0 = Debug|Any CPU
		{EFED40BE-A8E6-426F-937D-833DB4F82756}.Release|Any CPU.ActiveCfg = Release|Any CPU
		{EFED40BE-A8E6-426F-937D-833DB4F82756}.Release|Any CPU.Build.0 = Release|Any CPU
	EndGlobalSection
	GlobalSection(SolutionProperties) = preSolution
		HideSolutionNode = FALSE
	EndGlobalSection
	GlobalSection(ExtensibilityGlobals) = postSolution
		SolutionGuid = {0BE8786E-4B43-41FE-A3E7-4CF788D066DE}
	EndGlobalSection
EndGlobal
